// !$*UTF8*$!
{
	archiveVersion = 1;
	classes = {
	};
	objectVersion = 56;
	objects = {

/* Begin PBXBuildFile section */
		ABDF4D552A2A0D4700AFDBC0 /* AppDelegate.swift in Sources */ = {isa = PBXBuildFile; fileRef = ABDF4D542A2A0D4700AFDBC0 /* AppDelegate.swift */; };
		ABDF4D572A2A0D4700AFDBC0 /* SceneDelegate.swift in Sources */ = {isa = PBXBuildFile; fileRef = ABDF4D562A2A0D4700AFDBC0 /* SceneDelegate.swift */; };
		ABDF4D592A2A0D4700AFDBC0 /* ViewController.swift in Sources */ = {isa = PBXBuildFile; fileRef = ABDF4D582A2A0D4700AFDBC0 /* ViewController.swift */; };
		ABDF4D5C2A2A0D4700AFDBC0 /* Main.storyboard in Resources */ = {isa = PBXBuildFile; fileRef = ABDF4D5A2A2A0D4700AFDBC0 /* Main.storyboard */; };
		ABDF4D5E2A2A0D4800AFDBC0 /* Assets.xcassets in Resources */ = {isa = PBXBuildFile; fileRef = ABDF4D5D2A2A0D4800AFDBC0 /* Assets.xcassets */; };
		ABDF4D612A2A0D4800AFDBC0 /* LaunchScreen.storyboard in Resources */ = {isa = PBXBuildFile; fileRef = ABDF4D5F2A2A0D4800AFDBC0 /* LaunchScreen.storyboard */; };
		ABDF4D6C2A2A0D4900AFDBC0 /* RecordAudioIosTests.swift in Sources */ = {isa = PBXBuildFile; fileRef = ABDF4D6B2A2A0D4900AFDBC0 /* RecordAudioIosTests.swift */; };
		ABDF4D762A2A0D4900AFDBC0 /* RecordAudioIosUITests.swift in Sources */ = {isa = PBXBuildFile; fileRef = ABDF4D752A2A0D4900AFDBC0 /* RecordAudioIosUITests.swift */; };
		ABDF4D782A2A0D4900AFDBC0 /* RecordAudioIosUITestsLaunchTests.swift in Sources */ = {isa = PBXBuildFile; fileRef = ABDF4D772A2A0D4900AFDBC0 /* RecordAudioIosUITestsLaunchTests.swift */; };
/* End PBXBuildFile section */

/* Begin PBXContainerItemProxy section */
		ABDF4D682A2A0D4900AFDBC0 /* PBXContainerItemProxy */ = {
			isa = PBXContainerItemProxy;
			containerPortal = ABDF4D492A2A0D4700AFDBC0 /* Project object */;
			proxyType = 1;
			remoteGlobalIDString = ABDF4D502A2A0D4700AFDBC0;
			remoteInfo = RecordAudioIos;
		};
		ABDF4D722A2A0D4900AFDBC0 /* PBXContainerItemProxy */ = {
			isa = PBXContainerItemProxy;
			containerPortal = ABDF4D492A2A0D4700AFDBC0 /* Project object */;
			proxyType = 1;
			remoteGlobalIDString = ABDF4D502A2A0D4700AFDBC0;
			remoteInfo = RecordAudioIos;
		};
/* End PBXContainerItemProxy section */

/* Begin PBXFileReference section */
		ABDF4D512A2A0D4700AFDBC0 /* RecordAudioIos.app */ = {isa = PBXFileReference; explicitFileType = wrapper.application; includeInIndex = 0; path = RecordAudioIos.app; sourceTree = BUILT_PRODUCTS_DIR; };
		ABDF4D542A2A0D4700AFDBC0 /* AppDelegate.swift */ = {isa = PBXFileReference; lastKnownFileType = sourcecode.swift; path = AppDelegate.swift; sourceTree = "<group>"; };
		ABDF4D562A2A0D4700AFDBC0 /* SceneDelegate.swift */ = {isa = PBXFileReference; lastKnownFileType = sourcecode.swift; path = SceneDelegate.swift; sourceTree = "<group>"; };
		ABDF4D582A2A0D4700AFDBC0 /* ViewController.swift */ = {isa = PBXFileReference; lastKnownFileType = sourcecode.swift; path = ViewController.swift; sourceTree = "<group>"; };
		ABDF4D5B2A2A0D4700AFDBC0 /* Base */ = {isa = PBXFileReference; lastKnownFileType = file.storyboard; name = Base; path = Base.lproj/Main.storyboard; sourceTree = "<group>"; };
		ABDF4D5D2A2A0D4800AFDBC0 /* Assets.xcassets */ = {isa = PBXFileReference; lastKnownFileType = folder.assetcatalog; path = Assets.xcassets; sourceTree = "<group>"; };
		ABDF4D602A2A0D4800AFDBC0 /* Base */ = {isa = PBXFileReference; lastKnownFileType = file.storyboard; name = Base; path = Base.lproj/LaunchScreen.storyboard; sourceTree = "<group>"; };
		ABDF4D622A2A0D4800AFDBC0 /* Info.plist */ = {isa = PBXFileReference; lastKnownFileType = text.plist.xml; path = Info.plist; sourceTree = "<group>"; };
		ABDF4D672A2A0D4900AFDBC0 /* RecordAudioIosTests.xctest */ = {isa = PBXFileReference; explicitFileType = wrapper.cfbundle; includeInIndex = 0; path = RecordAudioIosTests.xctest; sourceTree = BUILT_PRODUCTS_DIR; };
		ABDF4D6B2A2A0D4900AFDBC0 /* RecordAudioIosTests.swift */ = {isa = PBXFileReference; lastKnownFileType = sourcecode.swift; path = RecordAudioIosTests.swift; sourceTree = "<group>"; };
		ABDF4D712A2A0D4900AFDBC0 /* RecordAudioIosUITests.xctest */ = {isa = PBXFileReference; explicitFileType = wrapper.cfbundle; includeInIndex = 0; path = RecordAudioIosUITests.xctest; sourceTree = BUILT_PRODUCTS_DIR; };
		ABDF4D752A2A0D4900AFDBC0 /* RecordAudioIosUITests.swift */ = {isa = PBXFileReference; lastKnownFileType = sourcecode.swift; path = RecordAudioIosUITests.swift; sourceTree = "<group>"; };
		ABDF4D772A2A0D4900AFDBC0 /* RecordAudioIosUITestsLaunchTests.swift */ = {isa = PBXFileReference; lastKnownFileType = sourcecode.swift; path = RecordAudioIosUITestsLaunchTests.swift; sourceTree = "<group>"; };
/* End PBXFileReference section */

/* Begin PBXFrameworksBuildPhase section */
		ABDF4D4E2A2A0D4700AFDBC0 /* Frameworks */ = {
			isa = PBXFrameworksBuildPhase;
			buildActionMask = 2147483647;
			files = (
			);
			runOnlyForDeploymentPostprocessing = 0;
		};
		ABDF4D642A2A0D4900AFDBC0 /* Frameworks */ = {
			isa = PBXFrameworksBuildPhase;
			buildActionMask = 2147483647;
			files = (
			);
			runOnlyForDeploymentPostprocessing = 0;
		};
		ABDF4D6E2A2A0D4900AFDBC0 /* Frameworks */ = {
			isa = PBXFrameworksBuildPhase;
			buildActionMask = 2147483647;
			files = (
			);
			runOnlyForDeploymentPostprocessing = 0;
		};
/* End PBXFrameworksBuildPhase section */

/* Begin PBXGroup section */
		ABDF4D482A2A0D4700AFDBC0 = {
			isa = PBXGroup;
			children = (
				ABDF4D532A2A0D4700AFDBC0 /* RecordAudioIos */,
				ABDF4D6A2A2A0D4900AFDBC0 /* RecordAudioIosTests */,
				ABDF4D742A2A0D4900AFDBC0 /* RecordAudioIosUITests */,
				ABDF4D522A2A0D4700AFDBC0 /* Products */,
			);
			sourceTree = "<group>";
		};
		ABDF4D522A2A0D4700AFDBC0 /* Products */ = {
			isa = PBXGroup;
			children = (
				ABDF4D512A2A0D4700AFDBC0 /* RecordAudioIos.app */,
				ABDF4D672A2A0D4900AFDBC0 /* RecordAudioIosTests.xctest */,
				ABDF4D712A2A0D4900AFDBC0 /* RecordAudioIosUITests.xctest */,
			);
			name = Products;
			sourceTree = "<group>";
		};
		ABDF4D532A2A0D4700AFDBC0 /* RecordAudioIos */ = {
			isa = PBXGroup;
			children = (
				ABDF4D542A2A0D4700AFDBC0 /* AppDelegate.swift */,
				ABDF4D562A2A0D4700AFDBC0 /* SceneDelegate.swift */,
				ABDF4D582A2A0D4700AFDBC0 /* ViewController.swift */,
				ABDF4D5A2A2A0D4700AFDBC0 /* Main.storyboard */,
				ABDF4D5D2A2A0D4800AFDBC0 /* Assets.xcassets */,
				ABDF4D5F2A2A0D4800AFDBC0 /* LaunchScreen.storyboard */,
				ABDF4D622A2A0D4800AFDBC0 /* Info.plist */,
			);
			path = RecordAudioIos;
			sourceTree = "<group>";
		};
		ABDF4D6A2A2A0D4900AFDBC0 /* RecordAudioIosTests */ = {
			isa = PBXGroup;
			children = (
				ABDF4D6B2A2A0D4900AFDBC0 /* RecordAudioIosTests.swift */,
			);
			path = RecordAudioIosTests;
			sourceTree = "<group>";
		};
		ABDF4D742A2A0D4900AFDBC0 /* RecordAudioIosUITests */ = {
			isa = PBXGroup;
			children = (
				ABDF4D752A2A0D4900AFDBC0 /* RecordAudioIosUITests.swift */,
				ABDF4D772A2A0D4900AFDBC0 /* RecordAudioIosUITestsLaunchTests.swift */,
			);
			path = RecordAudioIosUITests;
			sourceTree = "<group>";
		};
/* End PBXGroup section */

/* Begin PBXNativeTarget section */
		ABDF4D502A2A0D4700AFDBC0 /* RecordAudioIos */ = {
			isa = PBXNativeTarget;
			buildConfigurationList = ABDF4D7B2A2A0D4900AFDBC0 /* Build configuration list for PBXNativeTarget "RecordAudioIos" */;
			buildPhases = (
				ABDF4D4D2A2A0D4700AFDBC0 /* Sources */,
				ABDF4D4E2A2A0D4700AFDBC0 /* Frameworks */,
				ABDF4D4F2A2A0D4700AFDBC0 /* Resources */,
			);
			buildRules = (
			);
			dependencies = (
			);
			name = RecordAudioIos;
			productName = RecordAudioIos;
			productReference = ABDF4D512A2A0D4700AFDBC0 /* RecordAudioIos.app */;
			productType = "com.apple.product-type.application";
		};
		ABDF4D662A2A0D4900AFDBC0 /* RecordAudioIosTests */ = {
			isa = PBXNativeTarget;
			buildConfigurationList = ABDF4D7E2A2A0D4900AFDBC0 /* Build configuration list for PBXNativeTarget "RecordAudioIosTests" */;
			buildPhases = (
				ABDF4D632A2A0D4900AFDBC0 /* Sources */,
				ABDF4D642A2A0D4900AFDBC0 /* Frameworks */,
				ABDF4D652A2A0D4900AFDBC0 /* Resources */,
			);
			buildRules = (
			);
			dependencies = (
				ABDF4D692A2A0D4900AFDBC0 /* PBXTargetDependency */,
			);
			name = RecordAudioIosTests;
			productName = RecordAudioIosTests;
			productReference = ABDF4D672A2A0D4900AFDBC0 /* RecordAudioIosTests.xctest */;
			productType = "com.apple.product-type.bundle.unit-test";
		};
		ABDF4D702A2A0D4900AFDBC0 /* RecordAudioIosUITests */ = {
			isa = PBXNativeTarget;
			buildConfigurationList = ABDF4D812A2A0D4900AFDBC0 /* Build configuration list for PBXNativeTarget "RecordAudioIosUITests" */;
			buildPhases = (
				ABDF4D6D2A2A0D4900AFDBC0 /* Sources */,
				ABDF4D6E2A2A0D4900AFDBC0 /* Frameworks */,
				ABDF4D6F2A2A0D4900AFDBC0 /* Resources */,
			);
			buildRules = (
			);
			dependencies = (
				ABDF4D732A2A0D4900AFDBC0 /* PBXTargetDependency */,
			);
			name = RecordAudioIosUITests;
			productName = RecordAudioIosUITests;
			productReference = ABDF4D712A2A0D4900AFDBC0 /* RecordAudioIosUITests.xctest */;
			productType = "com.apple.product-type.bundle.ui-testing";
		};
/* End PBXNativeTarget section */

/* Begin PBXProject section */
		ABDF4D492A2A0D4700AFDBC0 /* Project object */ = {
			isa = PBXProject;
			attributes = {
				BuildIndependentTargetsInParallel = 1;
				LastSwiftUpdateCheck = 1430;
				LastUpgradeCheck = 1430;
				TargetAttributes = {
					ABDF4D502A2A0D4700AFDBC0 = {
						CreatedOnToolsVersion = 14.3;
					};
					ABDF4D662A2A0D4900AFDBC0 = {
						CreatedOnToolsVersion = 14.3;
						TestTargetID = ABDF4D502A2A0D4700AFDBC0;
					};
					ABDF4D702A2A0D4900AFDBC0 = {
						CreatedOnToolsVersion = 14.3;
						TestTargetID = ABDF4D502A2A0D4700AFDBC0;
					};
				};
			};
			buildConfigurationList = ABDF4D4C2A2A0D4700AFDBC0 /* Build configuration list for PBXProject "RecordAudioIos" */;
			compatibilityVersion = "Xcode 14.0";
			developmentRegion = en;
			hasScannedForEncodings = 0;
			knownRegions = (
				en,
				Base,
			);
			mainGroup = ABDF4D482A2A0D4700AFDBC0;
			productRefGroup = ABDF4D522A2A0D4700AFDBC0 /* Products */;
			projectDirPath = "";
			projectRoot = "";
			targets = (
				ABDF4D502A2A0D4700AFDBC0 /* RecordAudioIos */,
				ABDF4D662A2A0D4900AFDBC0 /* RecordAudioIosTests */,
				ABDF4D702A2A0D4900AFDBC0 /* RecordAudioIosUITests */,
			);
		};
/* End PBXProject section */

/* Begin PBXResourcesBuildPhase section */
		ABDF4D4F2A2A0D4700AFDBC0 /* Resources */ = {
			isa = PBXResourcesBuildPhase;
			buildActionMask = 2147483647;
			files = (
				ABDF4D612A2A0D4800AFDBC0 /* LaunchScreen.storyboard in Resources */,
				ABDF4D5E2A2A0D4800AFDBC0 /* Assets.xcassets in Resources */,
				ABDF4D5C2A2A0D4700AFDBC0 /* Main.storyboard in Resources */,
			);
			runOnlyForDeploymentPostprocessing = 0;
		};
		ABDF4D652A2A0D4900AFDBC0 /* Resources */ = {
			isa = PBXResourcesBuildPhase;
			buildActionMask = 2147483647;
			files = (
			);
			runOnlyForDeploymentPostprocessing = 0;
		};
		ABDF4D6F2A2A0D4900AFDBC0 /* Resources */ = {
			isa = PBXResourcesBuildPhase;
			buildActionMask = 2147483647;
			files = (
			);
			runOnlyForDeploymentPostprocessing = 0;
		};
/* End PBXResourcesBuildPhase section */

/* Begin PBXSourcesBuildPhase section */
		ABDF4D4D2A2A0D4700AFDBC0 /* Sources */ = {
			isa = PBXSourcesBuildPhase;
			buildActionMask = 2147483647;
			files = (
				ABDF4D592A2A0D4700AFDBC0 /* ViewController.swift in Sources */,
				ABDF4D552A2A0D4700AFDBC0 /* AppDelegate.swift in Sources */,
				ABDF4D572A2A0D4700AFDBC0 /* SceneDelegate.swift in Sources */,
			);
			runOnlyForDeploymentPostprocessing = 0;
		};
		ABDF4D632A2A0D4900AFDBC0 /* Sources */ = {
			isa = PBXSourcesBuildPhase;
			buildActionMask = 2147483647;
			files = (
				ABDF4D6C2A2A0D4900AFDBC0 /* RecordAudioIosTests.swift in Sources */,
			);
			runOnlyForDeploymentPostprocessing = 0;
		};
		ABDF4D6D2A2A0D4900AFDBC0 /* Sources */ = {
			isa = PBXSourcesBuildPhase;
			buildActionMask = 2147483647;
			files = (
				ABDF4D782A2A0D4900AFDBC0 /* RecordAudioIosUITestsLaunchTests.swift in Sources */,
				ABDF4D762A2A0D4900AFDBC0 /* RecordAudioIosUITests.swift in Sources */,
			);
			runOnlyForDeploymentPostprocessing = 0;
		};
/* End PBXSourcesBuildPhase section */

/* Begin PBXTargetDependency section */
		ABDF4D692A2A0D4900AFDBC0 /* PBXTargetDependency */ = {
			isa = PBXTargetDependency;
			target = ABDF4D502A2A0D4700AFDBC0 /* RecordAudioIos */;
			targetProxy = ABDF4D682A2A0D4900AFDBC0 /* PBXContainerItemProxy */;
		};
		ABDF4D732A2A0D4900AFDBC0 /* PBXTargetDependency */ = {
			isa = PBXTargetDependency;
			target = ABDF4D502A2A0D4700AFDBC0 /* RecordAudioIos */;
			targetProxy = ABDF4D722A2A0D4900AFDBC0 /* PBXContainerItemProxy */;
		};
/* End PBXTargetDependency section */

/* Begin PBXVariantGroup section */
		ABDF4D5A2A2A0D4700AFDBC0 /* Main.storyboard */ = {
			isa = PBXVariantGroup;
			children = (
				ABDF4D5B2A2A0D4700AFDBC0 /* Base */,
			);
			name = Main.storyboard;
			sourceTree = "<group>";
		};
		ABDF4D5F2A2A0D4800AFDBC0 /* LaunchScreen.storyboard */ = {
			isa = PBXVariantGroup;
			children = (
				ABDF4D602A2A0D4800AFDBC0 /* Base */,
			);
			name = LaunchScreen.storyboard;
			sourceTree = "<group>";
		};
/* End PBXVariantGroup section */

/* Begin XCBuildConfiguration section */
		ABDF4D792A2A0D4900AFDBC0 /* Debug */ = {
			isa = XCBuildConfiguration;
			buildSettings = {
				ALWAYS_SEARCH_USER_PATHS = NO;
				CLANG_ANALYZER_NONNULL = YES;
				CLANG_ANALYZER_NUMBER_OBJECT_CONVERSION = YES_AGGRESSIVE;
				CLANG_CXX_LANGUAGE_STANDARD = "gnu++20";
				CLANG_ENABLE_MODULES = YES;
				CLANG_ENABLE_OBJC_ARC = YES;
				CLANG_ENABLE_OBJC_WEAK = YES;
				CLANG_WARN_BLOCK_CAPTURE_AUTORELEASING = YES;
				CLANG_WARN_BOOL_CONVERSION = YES;
				CLANG_WARN_COMMA = YES;
				CLANG_WARN_CONSTANT_CONVERSION = YES;
				CLANG_WARN_DEPRECATED_OBJC_IMPLEMENTATIONS = YES;
				CLANG_WARN_DIRECT_OBJC_ISA_USAGE = YES_ERROR;
				CLANG_WARN_DOCUMENTATION_COMMENTS = YES;
				CLANG_WARN_EMPTY_BODY = YES;
				CLANG_WARN_ENUM_CONVERSION = YES;
				CLANG_WARN_INFINITE_RECURSION = YES;
				CLANG_WARN_INT_CONVERSION = YES;
				CLANG_WARN_NON_LITERAL_NULL_CONVERSION = YES;
				CLANG_WARN_OBJC_IMPLICIT_RETAIN_SELF = YES;
				CLANG_WARN_OBJC_LITERAL_CONVERSION = YES;
				CLANG_WARN_OBJC_ROOT_CLASS = YES_ERROR;
				CLANG_WARN_QUOTED_INCLUDE_IN_FRAMEWORK_HEADER = YES;
				CLANG_WARN_RANGE_LOOP_ANALYSIS = YES;
				CLANG_WARN_STRICT_PROTOTYPES = YES;
				CLANG_WARN_SUSPICIOUS_MOVE = YES;
				CLANG_WARN_UNGUARDED_AVAILABILITY = YES_AGGRESSIVE;
				CLANG_WARN_UNREACHABLE_CODE = YES;
				CLANG_WARN__DUPLICATE_METHOD_MATCH = YES;
				COPY_PHASE_STRIP = NO;
				DEBUG_INFORMATION_FORMAT = dwarf;
				ENABLE_STRICT_OBJC_MSGSEND = YES;
				ENABLE_TESTABILITY = YES;
				GCC_C_LANGUAGE_STANDARD = gnu11;
				GCC_DYNAMIC_NO_PIC = NO;
				GCC_NO_COMMON_BLOCKS = YES;
				GCC_OPTIMIZATION_LEVEL = 0;
				GCC_PREPROCESSOR_DEFINITIONS = (
					"DEBUG=1",
					"$(inherited)",
				);
				GCC_WARN_64_TO_32_BIT_CONVERSION = YES;
				GCC_WARN_ABOUT_RETURN_TYPE = YES_ERROR;
				GCC_WARN_UNDECLARED_SELECTOR = YES;
				GCC_WARN_UNINITIALIZED_AUTOS = YES_AGGRESSIVE;
				GCC_WARN_UNUSED_FUNCTION = YES;
				GCC_WARN_UNUSED_VARIABLE = YES;
				IPHONEOS_DEPLOYMENT_TARGET = 16.0;
				MTL_ENABLE_DEBUG_INFO = INCLUDE_SOURCE;
				MTL_FAST_MATH = YES;
				ONLY_ACTIVE_ARCH = YES;
				SDKROOT = iphoneos;
				SWIFT_ACTIVE_COMPILATION_CONDITIONS = DEBUG;
				SWIFT_OPTIMIZATION_LEVEL = "-Onone";
			};
			name = Debug;
		};
		ABDF4D7A2A2A0D4900AFDBC0 /* Release */ = {
			isa = XCBuildConfiguration;
			buildSettings = {
				ALWAYS_SEARCH_USER_PATHS = NO;
				CLANG_ANALYZER_NONNULL = YES;
				CLANG_ANALYZER_NUMBER_OBJECT_CONVERSION = YES_AGGRESSIVE;
				CLANG_CXX_LANGUAGE_STANDARD = "gnu++20";
				CLANG_ENABLE_MODULES = YES;
				CLANG_ENABLE_OBJC_ARC = YES;
				CLANG_ENABLE_OBJC_WEAK = YES;
				CLANG_WARN_BLOCK_CAPTURE_AUTORELEASING = YES;
				CLANG_WARN_BOOL_CONVERSION = YES;
				CLANG_WARN_COMMA = YES;
				CLANG_WARN_CONSTANT_CONVERSION = YES;
				CLANG_WARN_DEPRECATED_OBJC_IMPLEMENTATIONS = YES;
				CLANG_WARN_DIRECT_OBJC_ISA_USAGE = YES_ERROR;
				CLANG_WARN_DOCUMENTATION_COMMENTS = YES;
				CLANG_WARN_EMPTY_BODY = YES;
				CLANG_WARN_ENUM_CONVERSION = YES;
				CLANG_WARN_INFINITE_RECURSION = YES;
				CLANG_WARN_INT_CONVERSION = YES;
				CLANG_WARN_NON_LITERAL_NULL_CONVERSION = YES;
				CLANG_WARN_OBJC_IMPLICIT_RETAIN_SELF = YES;
				CLANG_WARN_OBJC_LITERAL_CONVERSION = YES;
				CLANG_WARN_OBJC_ROOT_CLASS = YES_ERROR;
				CLANG_WARN_QUOTED_INCLUDE_IN_FRAMEWORK_HEADER = YES;
				CLANG_WARN_RANGE_LOOP_ANALYSIS = YES;
				CLANG_WARN_STRICT_PROTOTYPES = YES;
				CLANG_WARN_SUSPICIOUS_MOVE = YES;
				CLANG_WARN_UNGUARDED_AVAILABILITY = YES_AGGRESSIVE;
				CLANG_WARN_UNREACHABLE_CODE = YES;
				CLANG_WARN__DUPLICATE_METHOD_MATCH = YES;
				COPY_PHASE_STRIP = NO;
				DEBUG_INFORMATION_FORMAT = "dwarf-with-dsym";
				ENABLE_NS_ASSERTIONS = NO;
				ENABLE_STRICT_OBJC_MSGSEND = YES;
				GCC_C_LANGUAGE_STANDARD = gnu11;
				GCC_NO_COMMON_BLOCKS = YES;
				GCC_WARN_64_TO_32_BIT_CONVERSION = YES;
				GCC_WARN_ABOUT_RETURN_TYPE = YES_ERROR;
				GCC_WARN_UNDECLARED_SELECTOR = YES;
				GCC_WARN_UNINITIALIZED_AUTOS = YES_AGGRESSIVE;
				GCC_WARN_UNUSED_FUNCTION = YES;
				GCC_WARN_UNUSED_VARIABLE = YES;
				IPHONEOS_DEPLOYMENT_TARGET = 16.0;
				MTL_ENABLE_DEBUG_INFO = NO;
				MTL_FAST_MATH = YES;
				SDKROOT = iphoneos;
				SWIFT_COMPILATION_MODE = wholemodule;
				SWIFT_OPTIMIZATION_LEVEL = "-O";
				VALIDATE_PRODUCT = YES;
			};
			name = Release;
		};
		ABDF4D7C2A2A0D4900AFDBC0 /* Debug */ = {
			isa = XCBuildConfiguration;
			buildSettings = {
				ASSETCATALOG_COMPILER_APPICON_NAME = AppIcon;
				ASSETCATALOG_COMPILER_GLOBAL_ACCENT_COLOR_NAME = AccentColor;
				CODE_SIGN_STYLE = Automatic;
				CURRENT_PROJECT_VERSION = 1;
				DEVELOPMENT_TEAM = 8Q88B239RG;
				GENERATE_INFOPLIST_FILE = YES;
				INFOPLIST_FILE = RecordAudioIos/Info.plist;
				INFOPLIST_KEY_NSMicrophoneUsageDescription = "Need permission";
				INFOPLIST_KEY_UIApplicationSupportsIndirectInputEvents = YES;
				INFOPLIST_KEY_UILaunchStoryboardName = LaunchScreen;
				INFOPLIST_KEY_UIMainStoryboardFile = Main;
				INFOPLIST_KEY_UISupportedInterfaceOrientations_iPad = "UIInterfaceOrientationPortrait UIInterfaceOrientationPortraitUpsideDown UIInterfaceOrientationLandscapeLeft UIInterfaceOrientationLandscapeRight";
				INFOPLIST_KEY_UISupportedInterfaceOrientations_iPhone = "UIInterfaceOrientationPortrait UIInterfaceOrientationLandscapeLeft UIInterfaceOrientationLandscapeRight";
				IPHONEOS_DEPLOYMENT_TARGET = 16.0;
				LD_RUNPATH_SEARCH_PATHS = (
					"$(inherited)",
					"@executable_path/Frameworks",
				);
				MARKETING_VERSION = 1.0;
				PRODUCT_BUNDLE_IDENTIFIER = com.thub.RecordAudioIos;
				PRODUCT_NAME = "$(TARGET_NAME)";
				SWIFT_EMIT_LOC_STRINGS = YES;
				SWIFT_VERSION = 5.0;
				TARGETED_DEVICE_FAMILY = "1,2";
			};
			name = Debug;
		};
		ABDF4D7D2A2A0D4900AFDBC0 /* Release */ = {
			isa = XCBuildConfiguration;
			buildSettings = {
				ASSETCATALOG_COMPILER_APPICON_NAME = AppIcon;
				ASSETCATALOG_COMPILER_GLOBAL_ACCENT_COLOR_NAME = AccentColor;
				CODE_SIGN_STYLE = Automatic;
				CURRENT_PROJECT_VERSION = 1;
				DEVELOPMENT_TEAM = 8Q88B239RG;
				GENERATE_INFOPLIST_FILE = YES;
				INFOPLIST_FILE = RecordAudioIos/Info.plist;
				INFOPLIST_KEY_NSMicrophoneUsageDescription = "Need permission";
				INFOPLIST_KEY_UIApplicationSupportsIndirectInputEvents = YES;
				INFOPLIST_KEY_UILaunchStoryboardName = LaunchScreen;
				INFOPLIST_KEY_UIMainStoryboardFile = Main;
				INFOPLIST_KEY_UISupportedInterfaceOrientations_iPad = "UIInterfaceOrientationPortrait UIInterfaceOrientationPortraitUpsideDown UIInterfaceOrientationLandscapeLeft UIInterfaceOrientationLandscapeRight";
				INFOPLIST_KEY_UISupportedInterfaceOrientations_iPhone = "UIInterfaceOrientationPortrait UIInterfaceOrientationLandscapeLeft UIInterfaceOrientationLandscapeRight";
				IPHONEOS_DEPLOYMENT_TARGET = 16.0;
				LD_RUNPATH_SEARCH_PATHS = (
					"$(inherited)",
					"@executable_path/Frameworks",
				);
				MARKETING_VERSION = 1.0;
				PRODUCT_BUNDLE_IDENTIFIER = com.thub.RecordAudioIos;
				PRODUCT_NAME = "$(TARGET_NAME)";
				SWIFT_EMIT_LOC_STRINGS = YES;
				SWIFT_VERSION = 5.0;
				TARGETED_DEVICE_FAMILY = "1,2";
			};
			name = Release;
		};
		ABDF4D7F2A2A0D4900AFDBC0 /* Debug */ = {
			isa = XCBuildConfiguration;
			buildSettings = {
				ALWAYS_EMBED_SWIFT_STANDARD_LIBRARIES = YES;
				BUNDLE_LOADER = "$(TEST_HOST)";
				CODE_SIGN_STYLE = Automatic;
				CURRENT_PROJECT_VERSION = 1;
				DEVELOPMENT_TEAM = 8Q88B239RG;
				GENERATE_INFOPLIST_FILE = YES;
				IPHONEOS_DEPLOYMENT_TARGET = 16.4;
				MARKETING_VERSION = 1.0;
				PRODUCT_BUNDLE_IDENTIFIER = com.thub.RecordAudioIosTests;
				PRODUCT_NAME = "$(TARGET_NAME)";
				SWIFT_EMIT_LOC_STRINGS = NO;
				SWIFT_VERSION = 5.0;
				TARGETED_DEVICE_FAMILY = "1,2";
				TEST_HOST = "$(BUILT_PRODUCTS_DIR)/RecordAudioIos.app/$(BUNDLE_EXECUTABLE_FOLDER_PATH)/RecordAudioIos";
			};
			name = Debug;
		};
		ABDF4D802A2A0D4900AFDBC0 /* Release */ = {
			isa = XCBuildConfiguration;
			buildSettings = {
				ALWAYS_EMBED_SWIFT_STANDARD_LIBRARIES = YES;
				BUNDLE_LOADER = "$(TEST_HOST)";
				CODE_SIGN_STYLE = Automatic;
				CURRENT_PROJECT_VERSION = 1;
				DEVELOPMENT_TEAM = 8Q88B239RG;
				GENERATE_INFOPLIST_FILE = YES;
				IPHONEOS_DEPLOYMENT_TARGET = 16.4;
				MARKETING_VERSION = 1.0;
				PRODUCT_BUNDLE_IDENTIFIER = com.thub.RecordAudioIosTests;
				PRODUCT_NAME = "$(TARGET_NAME)";
				SWIFT_EMIT_LOC_STRINGS = NO;
				SWIFT_VERSION = 5.0;
				TARGETED_DEVICE_FAMILY = "1,2";
				TEST_HOST = "$(BUILT_PRODUCTS_DIR)/RecordAudioIos.app/$(BUNDLE_EXECUTABLE_FOLDER_PATH)/RecordAudioIos";
			};
			name = Release;
		};
		ABDF4D822A2A0D4900AFDBC0 /* Debug */ = {
			isa = XCBuildConfiguration;
			buildSettings = {
				ALWAYS_EMBED_SWIFT_STANDARD_LIBRARIES = YES;
				CODE_SIGN_STYLE = Automatic;
				CURRENT_PROJECT_VERSION = 1;
				DEVELOPMENT_TEAM = 8Q88B239RG;
				GENERATE_INFOPLIST_FILE = YES;
				MARKETING_VERSION = 1.0;
				PRODUCT_BUNDLE_IDENTIFIER = com.thub.RecordAudioIosUITests;
				PRODUCT_NAME = "$(TARGET_NAME)";
				SWIFT_EMIT_LOC_STRINGS = NO;
				SWIFT_VERSION = 5.0;
				TARGETED_DEVICE_FAMILY = "1,2";
				TEST_TARGET_NAME = RecordAudioIos;
			};
			name = Debug;
		};
		ABDF4D832A2A0D4900AFDBC0 /* Release */ = {
			isa = XCBuildConfiguration;
			buildSettings = {
				ALWAYS_EMBED_SWIFT_STANDARD_LIBRARIES = YES;
				CODE_SIGN_STYLE = Automatic;
				CURRENT_PROJECT_VERSION = 1;
				DEVELOPMENT_TEAM = 8Q88B239RG;
				GENERATE_INFOPLIST_FILE = YES;
				MARKETING_VERSION = 1.0;
				PRODUCT_BUNDLE_IDENTIFIER = com.thub.RecordAudioIosUITests;
				PRODUCT_NAME = "$(TARGET_NAME)";
				SWIFT_EMIT_LOC_STRINGS = NO;
				SWIFT_VERSION = 5.0;
				TARGETED_DEVICE_FAMILY = "1,2";
				TEST_TARGET_NAME = RecordAudioIos;
			};
			name = Release;
		};
/* End XCBuildConfiguration section */

/* Begin XCConfigurationList section */
		ABDF4D4C2A2A0D4700AFDBC0 /* Build configuration list for PBXProject "RecordAudioIos" */ = {
			isa = XCConfigurationList;
			buildConfigurations = (
				ABDF4D792A2A0D4900AFDBC0 /* Debug */,
				ABDF4D7A2A2A0D4900AFDBC0 /* Release */,
			);
			defaultConfigurationIsVisible = 0;
			defaultConfigurationName = Release;
		};
		ABDF4D7B2A2A0D4900AFDBC0 /* Build configuration list for PBXNativeTarget "RecordAudioIos" */ = {
			isa = XCConfigurationList;
			buildConfigurations = (
				ABDF4D7C2A2A0D4900AFDBC0 /* Debug */,
				ABDF4D7D2A2A0D4900AFDBC0 /* Release */,
			);
			defaultConfigurationIsVisible = 0;
			defaultConfigurationName = Release;
		};
		ABDF4D7E2A2A0D4900AFDBC0 /* Build configuration list for PBXNativeTarget "RecordAudioIosTests" */ = {
			isa = XCConfigurationList;
			buildConfigurations = (
				ABDF4D7F2A2A0D4900AFDBC0 /* Debug */,
				ABDF4D802A2A0D4900AFDBC0 /* Release */,
			);
			defaultConfigurationIsVisible = 0;
			defaultConfigurationName = Release;
		};
		ABDF4D812A2A0D4900AFDBC0 /* Build configuration list for PBXNativeTarget "RecordAudioIosUITests" */ = {
			isa = XCConfigurationList;
			buildConfigurations = (
				ABDF4D822A2A0D4900AFDBC0 /* Debug */,
				ABDF4D832A2A0D4900AFDBC0 /* Release */,
			);
			defaultConfigurationIsVisible = 0;
			defaultConfigurationName = Release;
		};
/* End XCConfigurationList section */
	};
	rootObject = ABDF4D492A2A0D4700AFDBC0 /* Project object */;
}
